
Microsoft Visual Studio Solution File, Format Version 12.00
# Visual Studio Version 16
VisualStudioVersion = 16.0.30621.155
MinimumVisualStudioVersion = 10.0.40219.1
Project("{FAE04EC0-301F-11D3-BF4B-00C04F79EFBC}") = "freeTowers", "freeTowers\freeTowers.csproj", "{47C90BCA-8340-4A74-8462-2EE2EC0E0EDB}"
EndProject
Global
	GlobalSection(SolutionConfigurationPlatforms) = preSolution
		Debug|Any CPU = Debug|Any CPU
		Release|Any CPU = Release|Any CPU
	EndGlobalSection
	GlobalSection(ProjectConfigurationPlatforms) = postSolution
		{47C90BCA-8340-4A74-8462-2EE2EC0E0EDB}.Debug|Any CPU.ActiveCfg = Debug|Any CPU
		{47C90BCA-8340-4A74-8462-2EE2EC0E0EDB}.Debug|Any CPU.Build.0 = Debug|Any CPU
		{47C90BCA-8340-4A74-8462-2EE2EC0E0EDB}.Release|Any CPU.ActiveCfg = Release|Any CPU
		{47C90BCA-8340-4A74-8462-2EE2EC0E0EDB}.Release|Any CPU.Build.0 = Release|Any CPU
	EndGlobalSection
	GlobalSection(SolutionProperties) = preSolution
		HideSolutionNode = FALSE
	EndGlobalSection
	GlobalSection(ExtensibilityGlobals) = postSolution
		SolutionGuid = {7587793D-F4C1-4217-97CF-2DAC840CC9B1}
	EndGlobalSection
EndGlobal
